
Microsoft Visual Studio Solution File, Format Version 12.00
# Visual Studio Version 16
VisualStudioVersion = 16.0.30804.86
MinimumVisualStudioVersion = 10.0.40219.1
Project("{FAE04EC0-301F-11D3-BF4B-00C04F79EFBC}") = "Servicios.api.Libreria", "Servicios.api.Libreria\Servicios.api.Libreria.csproj", "{34919886-44DF-4246-BA98-AA9BD7BCDE6F}"
EndProject
Global
	GlobalSection(SolutionConfigurationPlatforms) = preSolution
		Debug|Any CPU = Debug|Any CPU
		Release|Any CPU = Release|Any CPU
	EndGlobalSection
	GlobalSection(ProjectConfigurationPlatforms) = postSolution
		{34919886-44DF-4246-BA98-AA9BD7BCDE6F}.Debug|Any CPU.ActiveCfg = Debug|Any CPU
		{34919886-44DF-4246-BA98-AA9BD7BCDE6F}.Debug|Any CPU.Build.0 = Debug|Any CPU
		{34919886-44DF-4246-BA98-AA9BD7BCDE6F}.Release|Any CPU.ActiveCfg = Release|Any CPU
		{34919886-44DF-4246-BA98-AA9BD7BCDE6F}.Release|Any CPU.Build.0 = Release|Any CPU
	EndGlobalSection
	GlobalSection(SolutionProperties) = preSolution
		HideSolutionNode = FALSE
	EndGlobalSection
	GlobalSection(ExtensibilityGlobals) = postSolution
		SolutionGuid = {B2FE9E27-FDAF-415E-BD79-8254C0B5E785}
	EndGlobalSection
EndGlobal
